
Microsoft Visual Studio Solution File, Format Version 12.00
# Visual Studio 15
VisualStudioVersion = 15.0.26730.12
MinimumVisualStudioVersion = 10.0.40219.1
Project("{FAE04EC0-301F-11D3-BF4B-00C04F79EFBC}") = "Intex", "Intex\Intex.csproj", "{CDCE9019-138E-4E58-90DE-F5C699D08AFB}"
EndProject
Global
	GlobalSection(SolutionConfigurationPlatforms) = preSolution
		Debug|Any CPU = Debug|Any CPU
		Release|Any CPU = Release|Any CPU
	EndGlobalSection
	GlobalSection(ProjectConfigurationPlatforms) = postSolution
		{CDCE9019-138E-4E58-90DE-F5C699D08AFB}.Debug|Any CPU.ActiveCfg = Debug|Any CPU
		{CDCE9019-138E-4E58-90DE-F5C699D08AFB}.Debug|Any CPU.Build.0 = Debug|Any CPU
		{CDCE9019-138E-4E58-90DE-F5C699D08AFB}.Release|Any CPU.ActiveCfg = Release|Any CPU
		{CDCE9019-138E-4E58-90DE-F5C699D08AFB}.Release|Any CPU.Build.0 = Release|Any CPU
	EndGlobalSection
	GlobalSection(SolutionProperties) = preSolution
		HideSolutionNode = FALSE
	EndGlobalSection
	GlobalSection(ExtensibilityGlobals) = postSolution
		SolutionGuid = {0A102476-5033-4D42-9FD6-BA98082F7027}
	EndGlobalSection
EndGlobal
